// !$*UTF8*$!
{
	archiveVersion = 1;
	classes = {
	};
	objectVersion = 56;
	objects = {

/* Begin PBXBuildFile section */
		AA0000000000000000000010 /* CleanupApp.swift in Sources */ = {isa = PBXBuildFile; fileRef = AA000000000000000000000A /* CleanupApp.swift */; };
		AA0000000000000000000011 /* WebAssetSchemeHandler.swift in Sources */ = {isa = PBXBuildFile; fileRef = AA000000000000000000000B /* WebAssetSchemeHandler.swift */; };
		AA0000000000000000000013 /* web in Resources */ = {isa = PBXBuildFile; fileRef = AA000000000000000000000E /* web */; };
		AA000000000000000000001A /* Assets.xcassets in Resources */ = {isa = PBXBuildFile; fileRef = AA000000000000000000000F /* Assets.xcassets */; };
		AA0000000000000000000200 /* Theme.swift in Sources */ = {isa = PBXBuildFile; fileRef = AA0000000000000000000100 /* Theme.swift */; };
		AA0000000000000000000201 /* Components.swift in Sources */ = {isa = PBXBuildFile; fileRef = AA0000000000000000000101 /* Components.swift */; };
		AA0000000000000000000202 /* Engine.swift in Sources */ = {isa = PBXBuildFile; fileRef = AA0000000000000000000102 /* Engine.swift */; };
		AA0000000000000000000203 /* TallyModel.swift in Sources */ = {isa = PBXBuildFile; fileRef = AA0000000000000000000103 /* TallyModel.swift */; };
		AA0000000000000000000204 /* Stores.swift in Sources */ = {isa = PBXBuildFile; fileRef = AA0000000000000000000104 /* Stores.swift */; };
		AA0000000000000000000205 /* RootView.swift in Sources */ = {isa = PBXBuildFile; fileRef = AA0000000000000000000105 /* RootView.swift */; };
		AA0000000000000000000206 /* ShareSheet.swift in Sources */ = {isa = PBXBuildFile; fileRef = AA0000000000000000000106 /* ShareSheet.swift */; };
		AA0000000000000000000207 /* CleanupsScreen.swift in Sources */ = {isa = PBXBuildFile; fileRef = AA0000000000000000000107 /* CleanupsScreen.swift */; };
		AA0000000000000000000208 /* EventScreen.swift in Sources */ = {isa = PBXBuildFile; fileRef = AA0000000000000000000108 /* EventScreen.swift */; };
		AA0000000000000000000209 /* CaptureScreen.swift in Sources */ = {isa = PBXBuildFile; fileRef = AA0000000000000000000109 /* CaptureScreen.swift */; };
		AA000000000000000000020A /* ReadingScreen.swift in Sources */ = {isa = PBXBuildFile; fileRef = AA000000000000000000010A /* ReadingScreen.swift */; };
		AA000000000000000000020B /* RefusedScreen.swift in Sources */ = {isa = PBXBuildFile; fileRef = AA000000000000000000010B /* RefusedScreen.swift */; };
		AA000000000000000000020C /* ReviewScreen.swift in Sources */ = {isa = PBXBuildFile; fileRef = AA000000000000000000010C /* ReviewScreen.swift */; };
		AA000000000000000000020D /* CardsScreen.swift in Sources */ = {isa = PBXBuildFile; fileRef = AA000000000000000000010D /* CardsScreen.swift */; };
		AA000000000000000000020E /* FinishScreen.swift in Sources */ = {isa = PBXBuildFile; fileRef = AA000000000000000000010E /* FinishScreen.swift */; };
		AA0000000000000000000230 /* DocumentScanner.swift in Sources */ = {isa = PBXBuildFile; fileRef = AA0000000000000000000130 /* DocumentScanner.swift */; };
/* End PBXBuildFile section */

/* Begin PBXFileReference section */
		AA0000000000000000000005 /* Data Cards.app */ = {isa = PBXFileReference; explicitFileType = wrapper.application; includeInIndex = 0; path = "Data Cards.app"; sourceTree = BUILT_PRODUCTS_DIR; };
		AA000000000000000000000A /* CleanupApp.swift */ = {isa = PBXFileReference; lastKnownFileType = sourcecode.swift; path = CleanupApp.swift; sourceTree = "<group>"; };
		AA000000000000000000000B /* WebAssetSchemeHandler.swift */ = {isa = PBXFileReference; lastKnownFileType = sourcecode.swift; path = WebAssetSchemeHandler.swift; sourceTree = "<group>"; };
		AA000000000000000000000D /* Info.plist */ = {isa = PBXFileReference; lastKnownFileType = text.plist.xml; path = Info.plist; sourceTree = "<group>"; };
		AA000000000000000000000E /* web */ = {isa = PBXFileReference; lastKnownFileType = folder; path = web; sourceTree = "<group>"; };
		AA000000000000000000000F /* Assets.xcassets */ = {isa = PBXFileReference; lastKnownFileType = folder.assetcatalog; path = Assets.xcassets; sourceTree = "<group>"; };
		AA0000000000000000000100 /* Theme.swift */ = {isa = PBXFileReference; lastKnownFileType = sourcecode.swift; name = Theme.swift; path = Tally/Theme.swift; sourceTree = "<group>"; };
		AA0000000000000000000101 /* Components.swift */ = {isa = PBXFileReference; lastKnownFileType = sourcecode.swift; name = Components.swift; path = Tally/Components.swift; sourceTree = "<group>"; };
		AA0000000000000000000102 /* Engine.swift */ = {isa = PBXFileReference; lastKnownFileType = sourcecode.swift; name = Engine.swift; path = Tally/Engine.swift; sourceTree = "<group>"; };
		AA0000000000000000000103 /* TallyModel.swift */ = {isa = PBXFileReference; lastKnownFileType = sourcecode.swift; name = TallyModel.swift; path = Tally/TallyModel.swift; sourceTree = "<group>"; };
		AA0000000000000000000104 /* Stores.swift */ = {isa = PBXFileReference; lastKnownFileType = sourcecode.swift; name = Stores.swift; path = Tally/Stores.swift; sourceTree = "<group>"; };
		AA0000000000000000000105 /* RootView.swift */ = {isa = PBXFileReference; lastKnownFileType = sourcecode.swift; name = RootView.swift; path = Tally/RootView.swift; sourceTree = "<group>"; };
		AA0000000000000000000106 /* ShareSheet.swift */ = {isa = PBXFileReference; lastKnownFileType = sourcecode.swift; name = ShareSheet.swift; path = Tally/ShareSheet.swift; sourceTree = "<group>"; };
		AA0000000000000000000107 /* CleanupsScreen.swift */ = {isa = PBXFileReference; lastKnownFileType = sourcecode.swift; name = CleanupsScreen.swift; path = Tally/Screens/CleanupsScreen.swift; sourceTree = "<group>"; };
		AA0000000000000000000108 /* EventScreen.swift */ = {isa = PBXFileReference; lastKnownFileType = sourcecode.swift; name = EventScreen.swift; path = Tally/Screens/EventScreen.swift; sourceTree = "<group>"; };
		AA0000000000000000000109 /* CaptureScreen.swift */ = {isa = PBXFileReference; lastKnownFileType = sourcecode.swift; name = CaptureScreen.swift; path = Tally/Screens/CaptureScreen.swift; sourceTree = "<group>"; };
		AA000000000000000000010A /* ReadingScreen.swift */ = {isa = PBXFileReference; lastKnownFileType = sourcecode.swift; name = ReadingScreen.swift; path = Tally/Screens/ReadingScreen.swift; sourceTree = "<group>"; };
		AA000000000000000000010B /* RefusedScreen.swift */ = {isa = PBXFileReference; lastKnownFileType = sourcecode.swift; name = RefusedScreen.swift; path = Tally/Screens/RefusedScreen.swift; sourceTree = "<group>"; };
		AA000000000000000000010C /* ReviewScreen.swift */ = {isa = PBXFileReference; lastKnownFileType = sourcecode.swift; name = ReviewScreen.swift; path = Tally/Screens/ReviewScreen.swift; sourceTree = "<group>"; };
		AA000000000000000000010D /* CardsScreen.swift */ = {isa = PBXFileReference; lastKnownFileType = sourcecode.swift; name = CardsScreen.swift; path = Tally/Screens/CardsScreen.swift; sourceTree = "<group>"; };
		AA000000000000000000010E /* FinishScreen.swift */ = {isa = PBXFileReference; lastKnownFileType = sourcecode.swift; name = FinishScreen.swift; path = Tally/Screens/FinishScreen.swift; sourceTree = "<group>"; };
		AA0000000000000000000130 /* DocumentScanner.swift */ = {isa = PBXFileReference; lastKnownFileType = sourcecode.swift; name = DocumentScanner.swift; path = Tally/DocumentScanner.swift; sourceTree = "<group>"; };
/* End PBXFileReference section */

/* Begin PBXFrameworksBuildPhase section */
		AA0000000000000000000008 /* Frameworks */ = {
			isa = PBXFrameworksBuildPhase;
			buildActionMask = 2147483647;
			files = (
			);
			runOnlyForDeploymentPostprocessing = 0;
		};
/* End PBXFrameworksBuildPhase section */

/* Begin PBXGroup section */
		AA0000000000000000000002 = {
			isa = PBXGroup;
			children = (
				AA0000000000000000000009 /* SurfriderDataCards */,
				AA0000000000000000000003 /* Products */,
			);
			sourceTree = "<group>";
		};
		AA0000000000000000000003 /* Products */ = {
			isa = PBXGroup;
			children = (
				AA0000000000000000000005 /* Data Cards.app */,
			);
			name = Products;
			sourceTree = "<group>";
		};
		AA0000000000000000000009 /* SurfriderDataCards */ = {
			isa = PBXGroup;
			children = (
				AA000000000000000000000A /* CleanupApp.swift */,
				AA0000000000000000000100 /* Theme.swift */,
				AA0000000000000000000101 /* Components.swift */,
				AA0000000000000000000102 /* Engine.swift */,
				AA0000000000000000000130 /* DocumentScanner.swift */,
				AA0000000000000000000103 /* TallyModel.swift */,
				AA0000000000000000000104 /* Stores.swift */,
				AA0000000000000000000105 /* RootView.swift */,
				AA0000000000000000000106 /* ShareSheet.swift */,
				AA0000000000000000000107 /* CleanupsScreen.swift */,
				AA0000000000000000000108 /* EventScreen.swift */,
				AA0000000000000000000109 /* CaptureScreen.swift */,
				AA000000000000000000010A /* ReadingScreen.swift */,
				AA000000000000000000010B /* RefusedScreen.swift */,
				AA000000000000000000010C /* ReviewScreen.swift */,
				AA000000000000000000010D /* CardsScreen.swift */,
				AA000000000000000000010E /* FinishScreen.swift */,
				AA000000000000000000000B /* WebAssetSchemeHandler.swift */,
				AA000000000000000000000D /* Info.plist */,
				AA000000000000000000000F /* Assets.xcassets */,
				AA000000000000000000000E /* web */,
			);
			path = SurfriderDataCards;
			sourceTree = "<group>";
		};
/* End PBXGroup section */

/* Begin PBXNativeTarget section */
		AA0000000000000000000004 /* Data Cards */ = {
			isa = PBXNativeTarget;
			buildConfigurationList = AA0000000000000000000015 /* Build configuration list for PBXNativeTarget "Data Cards" */;
			buildPhases = (
				AA0000000000000000000006 /* Sources */,
				AA0000000000000000000008 /* Frameworks */,
				AA0000000000000000000007 /* Resources */,
			);
			buildRules = (
			);
			dependencies = (
			);
			name = "Data Cards";
			productName = SurfriderDataCards;
			productReference = AA0000000000000000000005 /* Data Cards.app */;
			productType = "com.apple.product-type.application";
		};
/* End PBXNativeTarget section */

/* Begin PBXProject section */
		AA0000000000000000000001 /* Project object */ = {
			isa = PBXProject;
			attributes = {
				BuildIndependentTargetsInParallel = 1;
				LastSwiftUpdateCheck = 1600;
				LastUpgradeCheck = 2660;
				TargetAttributes = {
					AA0000000000000000000004 = {
						CreatedOnToolsVersion = 16.0;
					};
				};
			};
			buildConfigurationList = AA0000000000000000000014 /* Build configuration list for PBXProject "SurfriderDataCards" */;
			compatibilityVersion = "Xcode 14.0";
			developmentRegion = en;
			hasScannedForEncodings = 0;
			knownRegions = (
				en,
				Base,
			);
			mainGroup = AA0000000000000000000002;
			productRefGroup = AA0000000000000000000003 /* Products */;
			projectDirPath = "";
			projectRoot = "";
			targets = (
				AA0000000000000000000004 /* Data Cards */,
			);
		};
/* End PBXProject section */

/* Begin PBXResourcesBuildPhase section */
		AA0000000000000000000007 /* Resources */ = {
			isa = PBXResourcesBuildPhase;
			buildActionMask = 2147483647;
			files = (
				AA000000000000000000001A /* Assets.xcassets in Resources */,
				AA0000000000000000000013 /* web in Resources */,
			);
			runOnlyForDeploymentPostprocessing = 0;
		};
/* End PBXResourcesBuildPhase section */

/* Begin PBXSourcesBuildPhase section */
		AA0000000000000000000006 /* Sources */ = {
			isa = PBXSourcesBuildPhase;
			buildActionMask = 2147483647;
			files = (
				AA0000000000000000000010 /* CleanupApp.swift in Sources */,
				AA0000000000000000000200 /* Theme.swift in Sources */,
				AA0000000000000000000201 /* Components.swift in Sources */,
				AA0000000000000000000202 /* Engine.swift in Sources */,
				AA0000000000000000000230 /* DocumentScanner.swift in Sources */,
				AA0000000000000000000203 /* TallyModel.swift in Sources */,
				AA0000000000000000000204 /* Stores.swift in Sources */,
				AA0000000000000000000205 /* RootView.swift in Sources */,
				AA0000000000000000000206 /* ShareSheet.swift in Sources */,
				AA0000000000000000000207 /* CleanupsScreen.swift in Sources */,
				AA0000000000000000000208 /* EventScreen.swift in Sources */,
				AA0000000000000000000209 /* CaptureScreen.swift in Sources */,
				AA000000000000000000020A /* ReadingScreen.swift in Sources */,
				AA000000000000000000020B /* RefusedScreen.swift in Sources */,
				AA000000000000000000020C /* ReviewScreen.swift in Sources */,
				AA000000000000000000020D /* CardsScreen.swift in Sources */,
				AA000000000000000000020E /* FinishScreen.swift in Sources */,
				AA0000000000000000000011 /* WebAssetSchemeHandler.swift in Sources */,
			);
			runOnlyForDeploymentPostprocessing = 0;
		};
/* End PBXSourcesBuildPhase section */

/* Begin XCBuildConfiguration section */
		AA0000000000000000000016 /* Debug */ = {
			isa = XCBuildConfiguration;
			buildSettings = {
				CLANG_ENABLE_MODULES = YES;
				CLANG_ENABLE_OBJC_ARC = YES;
				CLANG_WARN_BLOCK_CAPTURE_AUTORELEASING = YES;
				CLANG_WARN_BOOL_CONVERSION = YES;
				CLANG_WARN_COMMA = YES;
				CLANG_WARN_CONSTANT_CONVERSION = YES;
				CLANG_WARN_DEPRECATED_OBJC_IMPLEMENTATIONS = YES;
				CLANG_WARN_EMPTY_BODY = YES;
				CLANG_WARN_ENUM_CONVERSION = YES;
				CLANG_WARN_INFINITE_RECURSION = YES;
				CLANG_WARN_INT_CONVERSION = YES;
				CLANG_WARN_NON_LITERAL_NULL_CONVERSION = YES;
				CLANG_WARN_OBJC_IMPLICIT_RETAIN_SELF = YES;
				CLANG_WARN_OBJC_LITERAL_CONVERSION = YES;
				CLANG_WARN_QUOTED_INCLUDE_IN_FRAMEWORK_HEADER = YES;
				CLANG_WARN_RANGE_LOOP_ANALYSIS = YES;
				CLANG_WARN_STRICT_PROTOTYPES = YES;
				CLANG_WARN_SUSPICIOUS_MOVE = YES;
				CLANG_WARN_UNREACHABLE_CODE = YES;
				CLANG_WARN__DUPLICATE_METHOD_MATCH = YES;
				COPY_PHASE_STRIP = NO;
				DEVELOPMENT_TEAM = P45J6R7ZHD;
				ENABLE_STRICT_OBJC_MSGSEND = YES;
				ENABLE_TESTABILITY = YES;
				ENABLE_USER_SCRIPT_SANDBOXING = YES;
				GCC_NO_COMMON_BLOCKS = YES;
				GCC_WARN_64_TO_32_BIT_CONVERSION = YES;
				GCC_WARN_ABOUT_RETURN_TYPE = YES;
				GCC_WARN_UNDECLARED_SELECTOR = YES;
				GCC_WARN_UNINITIALIZED_AUTOS = YES;
				GCC_WARN_UNUSED_FUNCTION = YES;
				GCC_WARN_UNUSED_VARIABLE = YES;
				IPHONEOS_DEPLOYMENT_TARGET = 16.0;
				ONLY_ACTIVE_ARCH = YES;
				SDKROOT = iphoneos;
				STRING_CATALOG_GENERATE_SYMBOLS = YES;
				SWIFT_ACTIVE_COMPILATION_CONDITIONS = DEBUG;
				SWIFT_OPTIMIZATION_LEVEL = "-Onone";
			};
			name = Debug;
		};
		AA0000000000000000000017 /* Release */ = {
			isa = XCBuildConfiguration;
			buildSettings = {
				CLANG_ENABLE_MODULES = YES;
				CLANG_ENABLE_OBJC_ARC = YES;
				CLANG_WARN_BLOCK_CAPTURE_AUTORELEASING = YES;
				CLANG_WARN_BOOL_CONVERSION = YES;
				CLANG_WARN_COMMA = YES;
				CLANG_WARN_CONSTANT_CONVERSION = YES;
				CLANG_WARN_DEPRECATED_OBJC_IMPLEMENTATIONS = YES;
				CLANG_WARN_EMPTY_BODY = YES;
				CLANG_WARN_ENUM_CONVERSION = YES;
				CLANG_WARN_INFINITE_RECURSION = YES;
				CLANG_WARN_INT_CONVERSION = YES;
				CLANG_WARN_NON_LITERAL_NULL_CONVERSION = YES;
				CLANG_WARN_OBJC_IMPLICIT_RETAIN_SELF = YES;
				CLANG_WARN_OBJC_LITERAL_CONVERSION = YES;
				CLANG_WARN_QUOTED_INCLUDE_IN_FRAMEWORK_HEADER = YES;
				CLANG_WARN_RANGE_LOOP_ANALYSIS = YES;
				CLANG_WARN_STRICT_PROTOTYPES = YES;
				CLANG_WARN_SUSPICIOUS_MOVE = YES;
				CLANG_WARN_UNREACHABLE_CODE = YES;
				CLANG_WARN__DUPLICATE_METHOD_MATCH = YES;
				COPY_PHASE_STRIP = NO;
				DEVELOPMENT_TEAM = P45J6R7ZHD;
				ENABLE_STRICT_OBJC_MSGSEND = YES;
				ENABLE_USER_SCRIPT_SANDBOXING = YES;
				GCC_NO_COMMON_BLOCKS = YES;
				GCC_WARN_64_TO_32_BIT_CONVERSION = YES;
				GCC_WARN_ABOUT_RETURN_TYPE = YES;
				GCC_WARN_UNDECLARED_SELECTOR = YES;
				GCC_WARN_UNINITIALIZED_AUTOS = YES;
				GCC_WARN_UNUSED_FUNCTION = YES;
				GCC_WARN_UNUSED_VARIABLE = YES;
				IPHONEOS_DEPLOYMENT_TARGET = 16.0;
				SDKROOT = iphoneos;
				STRING_CATALOG_GENERATE_SYMBOLS = YES;
				SWIFT_COMPILATION_MODE = wholemodule;
				VALIDATE_PRODUCT = YES;
			};
			name = Release;
		};
		AA0000000000000000000018 /* Debug */ = {
			isa = XCBuildConfiguration;
			buildSettings = {
				ASSETCATALOG_COMPILER_APPICON_NAME = AppIcon;
				CODE_SIGN_STYLE = Automatic;
				CURRENT_PROJECT_VERSION = 1;
				GENERATE_INFOPLIST_FILE = NO;
				INFOPLIST_FILE = SurfriderDataCards/Info.plist;
				LD_RUNPATH_SEARCH_PATHS = (
					"$(inherited)",
					"@executable_path/Frameworks",
				);
				MARKETING_VERSION = 0.1.0;
				PRODUCT_BUNDLE_IDENTIFIER = com.mateobesse.datacards;
				PRODUCT_NAME = "Data Cards";
				SWIFT_EMIT_LOC_STRINGS = YES;
				SWIFT_VERSION = 5.0;
				TARGETED_DEVICE_FAMILY = "1,2";
			};
			name = Debug;
		};
		AA0000000000000000000019 /* Release */ = {
			isa = XCBuildConfiguration;
			buildSettings = {
				ASSETCATALOG_COMPILER_APPICON_NAME = AppIcon;
				CODE_SIGN_STYLE = Automatic;
				CURRENT_PROJECT_VERSION = 1;
				GENERATE_INFOPLIST_FILE = NO;
				INFOPLIST_FILE = SurfriderDataCards/Info.plist;
				LD_RUNPATH_SEARCH_PATHS = (
					"$(inherited)",
					"@executable_path/Frameworks",
				);
				MARKETING_VERSION = 0.1.0;
				PRODUCT_BUNDLE_IDENTIFIER = com.mateobesse.datacards;
				PRODUCT_NAME = "Data Cards";
				SWIFT_EMIT_LOC_STRINGS = YES;
				SWIFT_VERSION = 5.0;
				TARGETED_DEVICE_FAMILY = "1,2";
			};
			name = Release;
		};
/* End XCBuildConfiguration section */

/* Begin XCConfigurationList section */
		AA0000000000000000000014 /* Build configuration list for PBXProject "SurfriderDataCards" */ = {
			isa = XCConfigurationList;
			buildConfigurations = (
				AA0000000000000000000016 /* Debug */,
				AA0000000000000000000017 /* Release */,
			);
			defaultConfigurationIsVisible = 0;
			defaultConfigurationName = Release;
		};
		AA0000000000000000000015 /* Build configuration list for PBXNativeTarget "Data Cards" */ = {
			isa = XCConfigurationList;
			buildConfigurations = (
				AA0000000000000000000018 /* Debug */,
				AA0000000000000000000019 /* Release */,
			);
			defaultConfigurationIsVisible = 0;
			defaultConfigurationName = Release;
		};
/* End XCConfigurationList section */
	};
	rootObject = AA0000000000000000000001 /* Project object */;
}
